
Microsoft Visual Studio Solution File, Format Version 12.00
# Visual Studio Version 17
VisualStudioVersion = 17.5.33530.505
MinimumVisualStudioVersion = 10.0.40219.1
Project("{FAE04EC0-301F-11D3-BF4B-00C04F79EFBC}") = "work_01", "work_01\work_01.csproj", "{0467691D-83C3-4E7E-A71B-98F7C382844B}"
EndProject
Global
	GlobalSection(SolutionConfigurationPlatforms) = preSolution
		Debug|Any CPU = Debug|Any CPU
		Release|Any CPU = Release|Any CPU
	EndGlobalSection
	GlobalSection(ProjectConfigurationPlatforms) = postSolution
		{0467691D-83C3-4E7E-A71B-98F7C382844B}.Debug|Any CPU.ActiveCfg = Debug|Any CPU
		{0467691D-83C3-4E7E-A71B-98F7C382844B}.Debug|Any CPU.Build.0 = Debug|Any CPU
		{0467691D-83C3-4E7E-A71B-98F7C382844B}.Release|Any CPU.ActiveCfg = Release|Any CPU
		{0467691D-83C3-4E7E-A71B-98F7C382844B}.Release|Any CPU.Build.0 = Release|Any CPU
	EndGlobalSection
	GlobalSection(SolutionProperties) = preSolution
		HideSolutionNode = FALSE
	EndGlobalSection
	GlobalSection(ExtensibilityGlobals) = postSolution
		SolutionGuid = {88B52872-EABE-4A0F-83CA-955B980F5F9A}
	EndGlobalSection
EndGlobal
